
Microsoft Visual Studio Solution File, Format Version 12.00
# Visual Studio Version 17
VisualStudioVersion = 17.14.36414.22 d17.14
MinimumVisualStudioVersion = 10.0.40219.1
Project("{FAE04EC0-301F-11D3-BF4B-00C04F79EFBC}") = "ContractMonthlyClaimSystem", "ContractMonthlyClaimSystem.csproj", "{AA3E20A4-3CFC-4ECD-867D-98D0BE353297}"
EndProject
Global
	GlobalSection(SolutionConfigurationPlatforms) = preSolution
		Debug|Any CPU = Debug|Any CPU
		Release|Any CPU = Release|Any CPU
	EndGlobalSection
	GlobalSection(ProjectConfigurationPlatforms) = postSolution
		{AA3E20A4-3CFC-4ECD-867D-98D0BE353297}.Debug|Any CPU.ActiveCfg = Debug|Any CPU
		{AA3E20A4-3CFC-4ECD-867D-98D0BE353297}.Debug|Any CPU.Build.0 = Debug|Any CPU
		{AA3E20A4-3CFC-4ECD-867D-98D0BE353297}.Release|Any CPU.ActiveCfg = Release|Any CPU
		{AA3E20A4-3CFC-4ECD-867D-98D0BE353297}.Release|Any CPU.Build.0 = Release|Any CPU
	EndGlobalSection
	GlobalSection(SolutionProperties) = preSolution
		HideSolutionNode = FALSE
	EndGlobalSection
	GlobalSection(ExtensibilityGlobals) = postSolution
		SolutionGuid = {90546681-C5FF-4769-9470-1D9F7B68BBF3}
	EndGlobalSection
EndGlobal
